# This file is automatically @generated by Cargo.
# It is not intended for manual editing.
version = 3

[[package]]
name = "auth_enum"
version = "0.1.0"

[[package]]
name = "auth_enum2"
version = "0.1.0"

[[package]]
name = "auth_enum3"
version = "0.1.0"

[[package]]
name = "auth_enum_exe"
version = "0.1.0"
dependencies = [
 "auth_enum",
]

[[package]]
name = "auth_enum_exe3"
version = "0.1.0"
dependencies = [
 "auth_enum3",
]

[[package]]
name = "auth_enum_fn"
version = "0.1.0"

[[package]]
name = "auth_enum_fn_exe"
version = "0.1.0"
dependencies = [
 "auth_enum_fn",
]

[[package]]
name = "auth_if"
version = "0.1.0"

[[package]]
name = "auth_if_exe"
version = "0.1.0"
dependencies = [
 "auth_if",
]

[[package]]
name = "hello_as_a_service"
version = "0.1.0"

[[package]]
name = "hello_auth"
version = "0.1.0"

[[package]]
name = "hello_login_system"
version = "0.1.0"

[[package]]
name = "hello_service_exe"
version = "0.1.0"
dependencies = [
 "hello_as_a_service",
]

[[package]]
name = "top_level"
version = "0.1.0"
